
Microsoft Visual Studio Solution File, Format Version 12.00
Project("{FAE04EC0-301F-11D3-BF4B-00C04F79EFBC}") = "Modmail.NET", "src\Modmail.NET\Modmail.NET.csproj", "{B8537A80-2C4F-427F-944A-BCB5BE8BB071}"
EndProject
Project("{FAE04EC0-301F-11D3-BF4B-00C04F79EFBC}") = "Modmail.NET.Console", "src\Modmail.NET.Console\Modmail.NET.Console.csproj", "{6F7BA88D-1A53-4C28-8814-3DF58D781AA2}"
EndProject
Global
	GlobalSection(SolutionConfigurationPlatforms) = preSolution
		Debug|Any CPU = Debug|Any CPU
		Release|Any CPU = Release|Any CPU
	EndGlobalSection
	GlobalSection(ProjectConfigurationPlatforms) = postSolution
		{B8537A80-2C4F-427F-944A-BCB5BE8BB071}.Debug|Any CPU.ActiveCfg = Debug|Any CPU
		{B8537A80-2C4F-427F-944A-BCB5BE8BB071}.Debug|Any CPU.Build.0 = Debug|Any CPU
		{B8537A80-2C4F-427F-944A-BCB5BE8BB071}.Release|Any CPU.ActiveCfg = Release|Any CPU
		{B8537A80-2C4F-427F-944A-BCB5BE8BB071}.Release|Any CPU.Build.0 = Release|Any CPU
		{6F7BA88D-1A53-4C28-8814-3DF58D781AA2}.Debug|Any CPU.ActiveCfg = Debug|Any CPU
		{6F7BA88D-1A53-4C28-8814-3DF58D781AA2}.Debug|Any CPU.Build.0 = Debug|Any CPU
		{6F7BA88D-1A53-4C28-8814-3DF58D781AA2}.Release|Any CPU.ActiveCfg = Release|Any CPU
		{6F7BA88D-1A53-4C28-8814-3DF58D781AA2}.Release|Any CPU.Build.0 = Release|Any CPU
	EndGlobalSection
EndGlobal
