
Microsoft Visual Studio Solution File, Format Version 12.00
Project("{FAE04EC0-301F-11D3-BF4B-00C04F79EFBC}") = "Modmail.NET", "src\Modmail.NET\Modmail.NET.csproj", "{B8537A80-2C4F-427F-944A-BCB5BE8BB071}"
EndProject
Project("{FAE04EC0-301F-11D3-BF4B-00C04F79EFBC}") = "Modmail.NET.Web.Blazor", "src\Modmail.NET.Web.Blazor\Modmail.NET.Web.Blazor.csproj", "{DFFBA4E9-FE91-4585-B46C-F1EED63674DE}"
EndProject
Project("{2150E333-8FDC-42A3-9474-1A3956D46DE8}") = "Core Library", "Core Library", "{988D7DB3-8AF9-4ABC-A905-8087C1BB48C7}"
EndProject
Project("{2150E333-8FDC-42A3-9474-1A3956D46DE8}") = "Interface", "Interface", "{21689EEF-7CF6-4634-8023-FCE71D21ACDE}"
EndProject
Project("{2150E333-8FDC-42A3-9474-1A3956D46DE8}") = "Discord", "Discord", "{9BE7AADA-7B2D-4C67-BED4-DD313BE2188D}"
EndProject
Project("{2150E333-8FDC-42A3-9474-1A3956D46DE8}") = "Web Shared", "Web Shared", "{EC7A4A87-95EF-4690-BAB7-71299AA73C64}"
EndProject
Project("{FAE04EC0-301F-11D3-BF4B-00C04F79EFBC}") = "Modmail.NET.Web.Shared", "src\Modmail.NET.Web.Shared\Modmail.NET.Web.Shared.csproj", "{5651D39B-B583-49A5-8832-CD7D9FD4C59E}"
EndProject
Project("{FAE04EC0-301F-11D3-BF4B-00C04F79EFBC}") = "Modmail.NET.ApiEndpoints", "src\Modmail.NET.ApiEndpoints\Modmail.NET.ApiEndpoints.csproj", "{EEFAFFD9-359D-42B9-8950-056EAF1B6B18}"
EndProject
Global
	GlobalSection(SolutionConfigurationPlatforms) = preSolution
		Debug|Any CPU = Debug|Any CPU
		Release|Any CPU = Release|Any CPU
	EndGlobalSection
	GlobalSection(ProjectConfigurationPlatforms) = postSolution
		{B8537A80-2C4F-427F-944A-BCB5BE8BB071}.Debug|Any CPU.ActiveCfg = Debug|Any CPU
		{B8537A80-2C4F-427F-944A-BCB5BE8BB071}.Debug|Any CPU.Build.0 = Debug|Any CPU
		{B8537A80-2C4F-427F-944A-BCB5BE8BB071}.Release|Any CPU.ActiveCfg = Release|Any CPU
		{B8537A80-2C4F-427F-944A-BCB5BE8BB071}.Release|Any CPU.Build.0 = Release|Any CPU
		{DFFBA4E9-FE91-4585-B46C-F1EED63674DE}.Debug|Any CPU.ActiveCfg = Debug|Any CPU
		{DFFBA4E9-FE91-4585-B46C-F1EED63674DE}.Debug|Any CPU.Build.0 = Debug|Any CPU
		{DFFBA4E9-FE91-4585-B46C-F1EED63674DE}.Release|Any CPU.ActiveCfg = Release|Any CPU
		{DFFBA4E9-FE91-4585-B46C-F1EED63674DE}.Release|Any CPU.Build.0 = Release|Any CPU
		{5651D39B-B583-49A5-8832-CD7D9FD4C59E}.Debug|Any CPU.ActiveCfg = Debug|Any CPU
		{5651D39B-B583-49A5-8832-CD7D9FD4C59E}.Debug|Any CPU.Build.0 = Debug|Any CPU
		{5651D39B-B583-49A5-8832-CD7D9FD4C59E}.Release|Any CPU.ActiveCfg = Release|Any CPU
		{5651D39B-B583-49A5-8832-CD7D9FD4C59E}.Release|Any CPU.Build.0 = Release|Any CPU
		{EEFAFFD9-359D-42B9-8950-056EAF1B6B18}.Debug|Any CPU.ActiveCfg = Debug|Any CPU
		{EEFAFFD9-359D-42B9-8950-056EAF1B6B18}.Debug|Any CPU.Build.0 = Debug|Any CPU
		{EEFAFFD9-359D-42B9-8950-056EAF1B6B18}.Release|Any CPU.ActiveCfg = Release|Any CPU
		{EEFAFFD9-359D-42B9-8950-056EAF1B6B18}.Release|Any CPU.Build.0 = Release|Any CPU
	EndGlobalSection
	GlobalSection(NestedProjects) = preSolution
		{DFFBA4E9-FE91-4585-B46C-F1EED63674DE} = {21689EEF-7CF6-4634-8023-FCE71D21ACDE}
		{9BE7AADA-7B2D-4C67-BED4-DD313BE2188D} = {988D7DB3-8AF9-4ABC-A905-8087C1BB48C7}
		{B8537A80-2C4F-427F-944A-BCB5BE8BB071} = {9BE7AADA-7B2D-4C67-BED4-DD313BE2188D}
		{EC7A4A87-95EF-4690-BAB7-71299AA73C64} = {988D7DB3-8AF9-4ABC-A905-8087C1BB48C7}
		{5651D39B-B583-49A5-8832-CD7D9FD4C59E} = {EC7A4A87-95EF-4690-BAB7-71299AA73C64}
		{EEFAFFD9-359D-42B9-8950-056EAF1B6B18} = {EC7A4A87-95EF-4690-BAB7-71299AA73C64}
	EndGlobalSection
EndGlobal
