
Microsoft Visual Studio Solution File, Format Version 12.00
Project("{FAE04EC0-301F-11D3-BF4B-00C04F79EFBC}") = "Modmail.NET", "src\Modmail.NET\Modmail.NET.csproj", "{B8537A80-2C4F-427F-944A-BCB5BE8BB071}"
EndProject
Project("{FAE04EC0-301F-11D3-BF4B-00C04F79EFBC}") = "Modmail.NET.Web.Blazor", "src\Modmail.NET.Web.Blazor\Modmail.NET.Web.Blazor.csproj", "{DFFBA4E9-FE91-4585-B46C-F1EED63674DE}"
EndProject
Project("{2150E333-8FDC-42A3-9474-1A3956D46DE8}") = "1. App Core", "1. App Core", "{988D7DB3-8AF9-4ABC-A905-8087C1BB48C7}"
EndProject
Project("{2150E333-8FDC-42A3-9474-1A3956D46DE8}") = "2. Blazor Interface", "2. Blazor Interface", "{21689EEF-7CF6-4634-8023-FCE71D21ACDE}"
EndProject
Global
	GlobalSection(SolutionConfigurationPlatforms) = preSolution
		Debug|Any CPU = Debug|Any CPU
		Release|Any CPU = Release|Any CPU
	EndGlobalSection
	GlobalSection(ProjectConfigurationPlatforms) = postSolution
		{B8537A80-2C4F-427F-944A-BCB5BE8BB071}.Debug|Any CPU.ActiveCfg = Debug|Any CPU
		{B8537A80-2C4F-427F-944A-BCB5BE8BB071}.Debug|Any CPU.Build.0 = Debug|Any CPU
		{B8537A80-2C4F-427F-944A-BCB5BE8BB071}.Release|Any CPU.ActiveCfg = Release|Any CPU
		{B8537A80-2C4F-427F-944A-BCB5BE8BB071}.Release|Any CPU.Build.0 = Release|Any CPU
		{DFFBA4E9-FE91-4585-B46C-F1EED63674DE}.Debug|Any CPU.ActiveCfg = Debug|Any CPU
		{DFFBA4E9-FE91-4585-B46C-F1EED63674DE}.Debug|Any CPU.Build.0 = Debug|Any CPU
		{DFFBA4E9-FE91-4585-B46C-F1EED63674DE}.Release|Any CPU.ActiveCfg = Release|Any CPU
		{DFFBA4E9-FE91-4585-B46C-F1EED63674DE}.Release|Any CPU.Build.0 = Release|Any CPU
	EndGlobalSection
	GlobalSection(NestedProjects) = preSolution
		{DFFBA4E9-FE91-4585-B46C-F1EED63674DE} = {21689EEF-7CF6-4634-8023-FCE71D21ACDE}
		{B8537A80-2C4F-427F-944A-BCB5BE8BB071} = {988D7DB3-8AF9-4ABC-A905-8087C1BB48C7}
	EndGlobalSection
EndGlobal
